
Microsoft Visual Studio Solution File, Format Version 12.00
# Visual Studio 2012
Project("{FAE04EC0-301F-11D3-BF4B-00C04F79EFBC}") = "Web.Datanomics", "Web.Datanomics\Web.Datanomics.csproj", "{8F9B605F-7D1A-4F09-B52B-7DC1E982A97A}"
EndProject
Global
	GlobalSection(SolutionConfigurationPlatforms) = preSolution
		Debug|Any CPU = Debug|Any CPU
		Release|Any CPU = Release|Any CPU
	EndGlobalSection
	GlobalSection(ProjectConfigurationPlatforms) = postSolution
		{8F9B605F-7D1A-4F09-B52B-7DC1E982A97A}.Debug|Any CPU.ActiveCfg = Debug|Any CPU
		{8F9B605F-7D1A-4F09-B52B-7DC1E982A97A}.Debug|Any CPU.Build.0 = Debug|Any CPU
		{8F9B605F-7D1A-4F09-B52B-7DC1E982A97A}.Release|Any CPU.ActiveCfg = Release|Any CPU
		{8F9B605F-7D1A-4F09-B52B-7DC1E982A97A}.Release|Any CPU.Build.0 = Release|Any CPU
	EndGlobalSection
	GlobalSection(SolutionProperties) = preSolution
		HideSolutionNode = FALSE
	EndGlobalSection
EndGlobal
